
Microsoft Visual Studio Solution File, Format Version 12.00
# Visual Studio Version 17
VisualStudioVersion = 17.2.32526.322
MinimumVisualStudioVersion = 10.0.40219.1
Project("{FAE04EC0-301F-11D3-BF4B-00C04F79EFBC}") = "Breakdown", "Breakdown\Breakdown.csproj", "{95A2BCE3-79C8-41AF-92ED-BAF64D674586}"
EndProject
Global
	GlobalSection(SolutionConfigurationPlatforms) = preSolution
		Debug|Any CPU = Debug|Any CPU
		Release|Any CPU = Release|Any CPU
	EndGlobalSection
	GlobalSection(ProjectConfigurationPlatforms) = postSolution
		{95A2BCE3-79C8-41AF-92ED-BAF64D674586}.Debug|Any CPU.ActiveCfg = Debug|Any CPU
		{95A2BCE3-79C8-41AF-92ED-BAF64D674586}.Debug|Any CPU.Build.0 = Debug|Any CPU
		{95A2BCE3-79C8-41AF-92ED-BAF64D674586}.Release|Any CPU.ActiveCfg = Release|Any CPU
		{95A2BCE3-79C8-41AF-92ED-BAF64D674586}.Release|Any CPU.Build.0 = Release|Any CPU
	EndGlobalSection
	GlobalSection(SolutionProperties) = preSolution
		HideSolutionNode = FALSE
	EndGlobalSection
	GlobalSection(ExtensibilityGlobals) = postSolution
		SolutionGuid = {D71C9223-970E-43CE-8A86-AB0B0C3C6363}
	EndGlobalSection
EndGlobal
